
Microsoft Visual Studio Solution File, Format Version 12.00
# Visual Studio Version 17
VisualStudioVersion = 17.0.31710.8
MinimumVisualStudioVersion = 10.0.40219.1
Project("{9A19103F-16F7-4668-BE54-9A1E7A4F7556}") = "Calc4DotNet", "Calc4DotNet\Calc4DotNet.csproj", "{4916D22B-0E82-4A22-980B-D7B6317397EB}"
EndProject
Project("{9A19103F-16F7-4668-BE54-9A1E7A4F7556}") = "Calc4DotNet.Core", "Calc4DotNet.Core\Calc4DotNet.Core.csproj", "{097F2B32-001B-41DE-8327-4C45BD9E2ED3}"
EndProject
Project("{9A19103F-16F7-4668-BE54-9A1E7A4F7556}") = "Calc4DotNet.Core.ILCompilation", "Calc4DotNet.Core.ILCompilation\Calc4DotNet.Core.ILCompilation.csproj", "{D3380A4D-9FD5-49AB-9E2C-3708175789D2}"
EndProject
Project("{9A19103F-16F7-4668-BE54-9A1E7A4F7556}") = "Calc4DotNet.Test", "Calc4DotNet.Test\Calc4DotNet.Test.csproj", "{58E805A5-8464-47F7-9315-6F591365B93C}"
EndProject
Project("{9A19103F-16F7-4668-BE54-9A1E7A4F7556}") = "Calc4DotNet.Benchmark", "Calc4DotNet.Benchmark\Calc4DotNet.Benchmark.csproj", "{D43A4A05-1A2B-4264-9856-C49F84F79C93}"
EndProject
Project("{2150E333-8FDC-42A3-9474-1A3956D46DE8}") = "Solution Items", "Solution Items", "{8F307058-FC19-4C8A-BD95-E4C2FA391B3B}"
	ProjectSection(SolutionItems) = preProject
		.editorconfig = .editorconfig
	EndProjectSection
EndProject
Project("{9A19103F-16F7-4668-BE54-9A1E7A4F7556}") = "Calc4DotNet.TestCaseGenerator", "Calc4DotNet.TestCaseGenerator\Calc4DotNet.TestCaseGenerator.csproj", "{97013641-EA46-4F21-8787-003637F740BB}"
EndProject
Project("{9A19103F-16F7-4668-BE54-9A1E7A4F7556}") = "Calc4DotNet.Native", "Calc4DotNet.Native\Calc4DotNet.Native.csproj", "{C1C95188-9DFC-4FBA-A844-574A71F52595}"
EndProject
Project("{9A19103F-16F7-4668-BE54-9A1E7A4F7556}") = "Calc4DotNet.Compiler", "Calc4DotNet.Compiler\Calc4DotNet.Compiler.csproj", "{0B8ACED4-DB3A-4C6B-A2DE-A3DAC127C2CB}"
EndProject
Global
	GlobalSection(SolutionConfigurationPlatforms) = preSolution
		Debug|Any CPU = Debug|Any CPU
		Release|Any CPU = Release|Any CPU
	EndGlobalSection
	GlobalSection(ProjectConfigurationPlatforms) = postSolution
		{4916D22B-0E82-4A22-980B-D7B6317397EB}.Debug|Any CPU.ActiveCfg = Debug|Any CPU
		{4916D22B-0E82-4A22-980B-D7B6317397EB}.Debug|Any CPU.Build.0 = Debug|Any CPU
		{4916D22B-0E82-4A22-980B-D7B6317397EB}.Release|Any CPU.ActiveCfg = Release|Any CPU
		{4916D22B-0E82-4A22-980B-D7B6317397EB}.Release|Any CPU.Build.0 = Release|Any CPU
		{097F2B32-001B-41DE-8327-4C45BD9E2ED3}.Debug|Any CPU.ActiveCfg = Debug|Any CPU
		{097F2B32-001B-41DE-8327-4C45BD9E2ED3}.Debug|Any CPU.Build.0 = Debug|Any CPU
		{097F2B32-001B-41DE-8327-4C45BD9E2ED3}.Release|Any CPU.ActiveCfg = Release|Any CPU
		{097F2B32-001B-41DE-8327-4C45BD9E2ED3}.Release|Any CPU.Build.0 = Release|Any CPU
		{D3380A4D-9FD5-49AB-9E2C-3708175789D2}.Debug|Any CPU.ActiveCfg = Debug|Any CPU
		{D3380A4D-9FD5-49AB-9E2C-3708175789D2}.Debug|Any CPU.Build.0 = Debug|Any CPU
		{D3380A4D-9FD5-49AB-9E2C-3708175789D2}.Release|Any CPU.ActiveCfg = Release|Any CPU
		{D3380A4D-9FD5-49AB-9E2C-3708175789D2}.Release|Any CPU.Build.0 = Release|Any CPU
		{58E805A5-8464-47F7-9315-6F591365B93C}.Debug|Any CPU.ActiveCfg = Debug|Any CPU
		{58E805A5-8464-47F7-9315-6F591365B93C}.Debug|Any CPU.Build.0 = Debug|Any CPU
		{58E805A5-8464-47F7-9315-6F591365B93C}.Release|Any CPU.ActiveCfg = Release|Any CPU
		{58E805A5-8464-47F7-9315-6F591365B93C}.Release|Any CPU.Build.0 = Release|Any CPU
		{D43A4A05-1A2B-4264-9856-C49F84F79C93}.Debug|Any CPU.ActiveCfg = Debug|Any CPU
		{D43A4A05-1A2B-4264-9856-C49F84F79C93}.Debug|Any CPU.Build.0 = Debug|Any CPU
		{D43A4A05-1A2B-4264-9856-C49F84F79C93}.Release|Any CPU.ActiveCfg = Release|Any CPU
		{D43A4A05-1A2B-4264-9856-C49F84F79C93}.Release|Any CPU.Build.0 = Release|Any CPU
		{97013641-EA46-4F21-8787-003637F740BB}.Debug|Any CPU.ActiveCfg = Debug|Any CPU
		{97013641-EA46-4F21-8787-003637F740BB}.Debug|Any CPU.Build.0 = Debug|Any CPU
		{97013641-EA46-4F21-8787-003637F740BB}.Release|Any CPU.ActiveCfg = Release|Any CPU
		{97013641-EA46-4F21-8787-003637F740BB}.Release|Any CPU.Build.0 = Release|Any CPU
		{C1C95188-9DFC-4FBA-A844-574A71F52595}.Debug|Any CPU.ActiveCfg = Debug|Any CPU
		{C1C95188-9DFC-4FBA-A844-574A71F52595}.Debug|Any CPU.Build.0 = Debug|Any CPU
		{C1C95188-9DFC-4FBA-A844-574A71F52595}.Release|Any CPU.ActiveCfg = Release|Any CPU
		{C1C95188-9DFC-4FBA-A844-574A71F52595}.Release|Any CPU.Build.0 = Release|Any CPU
		{0B8ACED4-DB3A-4C6B-A2DE-A3DAC127C2CB}.Debug|Any CPU.ActiveCfg = Debug|Any CPU
		{0B8ACED4-DB3A-4C6B-A2DE-A3DAC127C2CB}.Debug|Any CPU.Build.0 = Debug|Any CPU
		{0B8ACED4-DB3A-4C6B-A2DE-A3DAC127C2CB}.Release|Any CPU.ActiveCfg = Release|Any CPU
		{0B8ACED4-DB3A-4C6B-A2DE-A3DAC127C2CB}.Release|Any CPU.Build.0 = Release|Any CPU
	EndGlobalSection
	GlobalSection(SolutionProperties) = preSolution
		HideSolutionNode = FALSE
	EndGlobalSection
	GlobalSection(ExtensibilityGlobals) = postSolution
		SolutionGuid = {317376C6-289D-4F6D-8664-3483503A7A45}
	EndGlobalSection
EndGlobal
